
Microsoft Visual Studio Solution File, Format Version 12.00
Project("{FAE04EC0-301F-11D3-BF4B-00C04F79EFBC}") = "ExerciseTracker.Core", "ExerciseTracker.Core\ExerciseTracker.Core.csproj", "{AD316B0B-7097-496D-9D43-1D3CEA01B528}"
EndProject
Project("{FAE04EC0-301F-11D3-BF4B-00C04F79EFBC}") = "ExerciseTracker.DataAccess", "ExerciseTracker.DataAccess\ExerciseTracker.DataAccess.csproj", "{E1B4606C-266B-4700-B763-5455905337C2}"
EndProject
Project("{FAE04EC0-301F-11D3-BF4B-00C04F79EFBC}") = "ExerciseTracker.WebApi", "ExerciseTracker.WebApi\ExerciseTracker.WebApi.csproj", "{EBDC84FE-80BD-41AF-A5D0-7C5E776BCB9E}"
EndProject
Global
	GlobalSection(SolutionConfigurationPlatforms) = preSolution
		Debug|Any CPU = Debug|Any CPU
		Release|Any CPU = Release|Any CPU
	EndGlobalSection
	GlobalSection(ProjectConfigurationPlatforms) = postSolution
		{AD316B0B-7097-496D-9D43-1D3CEA01B528}.Debug|Any CPU.ActiveCfg = Debug|Any CPU
		{AD316B0B-7097-496D-9D43-1D3CEA01B528}.Debug|Any CPU.Build.0 = Debug|Any CPU
		{AD316B0B-7097-496D-9D43-1D3CEA01B528}.Release|Any CPU.ActiveCfg = Release|Any CPU
		{AD316B0B-7097-496D-9D43-1D3CEA01B528}.Release|Any CPU.Build.0 = Release|Any CPU
		{E1B4606C-266B-4700-B763-5455905337C2}.Debug|Any CPU.ActiveCfg = Debug|Any CPU
		{E1B4606C-266B-4700-B763-5455905337C2}.Debug|Any CPU.Build.0 = Debug|Any CPU
		{E1B4606C-266B-4700-B763-5455905337C2}.Release|Any CPU.ActiveCfg = Release|Any CPU
		{E1B4606C-266B-4700-B763-5455905337C2}.Release|Any CPU.Build.0 = Release|Any CPU
		{EBDC84FE-80BD-41AF-A5D0-7C5E776BCB9E}.Debug|Any CPU.ActiveCfg = Debug|Any CPU
		{EBDC84FE-80BD-41AF-A5D0-7C5E776BCB9E}.Debug|Any CPU.Build.0 = Debug|Any CPU
		{EBDC84FE-80BD-41AF-A5D0-7C5E776BCB9E}.Release|Any CPU.ActiveCfg = Release|Any CPU
		{EBDC84FE-80BD-41AF-A5D0-7C5E776BCB9E}.Release|Any CPU.Build.0 = Release|Any CPU
	EndGlobalSection
EndGlobal
